
Microsoft Visual Studio Solution File, Format Version 12.00
# Visual Studio 2012
Project("{FAE04EC0-301F-11D3-BF4B-00C04F79EFBC}") = "MSOOrganiser", "MSOOrganiser.csproj", "{FB6ED363-EE9B-41BC-B7B6-8417E217D532}"
EndProject
Project("{FAE04EC0-301F-11D3-BF4B-00C04F79EFBC}") = "MSOCore", "..\MSOCore\MSOCore.csproj", "{647BD73E-585E-4E45-8774-7CBD160AEAD4}"
EndProject
Project("{FAE04EC0-301F-11D3-BF4B-00C04F79EFBC}") = "MSOWeb", "..\MSOWeb\MSOWeb.csproj", "{66E6999E-72B1-47A6-946B-6D1956BFA6D4}"
EndProject
Project("{FAE04EC0-301F-11D3-BF4B-00C04F79EFBC}") = "MSOCoreTests", "..\MSOCoreTests\MSOCoreTests.csproj", "{6105F45D-DDAD-4E2C-90D9-2D1B9338EDD6}"
EndProject
Global
	GlobalSection(SolutionConfigurationPlatforms) = preSolution
		Debug|Any CPU = Debug|Any CPU
		Release|Any CPU = Release|Any CPU
	EndGlobalSection
	GlobalSection(ProjectConfigurationPlatforms) = postSolution
		{FB6ED363-EE9B-41BC-B7B6-8417E217D532}.Debug|Any CPU.ActiveCfg = Debug|Any CPU
		{FB6ED363-EE9B-41BC-B7B6-8417E217D532}.Debug|Any CPU.Build.0 = Debug|Any CPU
		{FB6ED363-EE9B-41BC-B7B6-8417E217D532}.Release|Any CPU.ActiveCfg = Release|Any CPU
		{FB6ED363-EE9B-41BC-B7B6-8417E217D532}.Release|Any CPU.Build.0 = Release|Any CPU
		{647BD73E-585E-4E45-8774-7CBD160AEAD4}.Debug|Any CPU.ActiveCfg = Debug|Any CPU
		{647BD73E-585E-4E45-8774-7CBD160AEAD4}.Debug|Any CPU.Build.0 = Debug|Any CPU
		{647BD73E-585E-4E45-8774-7CBD160AEAD4}.Release|Any CPU.ActiveCfg = Release|Any CPU
		{647BD73E-585E-4E45-8774-7CBD160AEAD4}.Release|Any CPU.Build.0 = Release|Any CPU
		{66E6999E-72B1-47A6-946B-6D1956BFA6D4}.Debug|Any CPU.ActiveCfg = Debug|Any CPU
		{66E6999E-72B1-47A6-946B-6D1956BFA6D4}.Debug|Any CPU.Build.0 = Debug|Any CPU
		{66E6999E-72B1-47A6-946B-6D1956BFA6D4}.Release|Any CPU.ActiveCfg = Release|Any CPU
		{66E6999E-72B1-47A6-946B-6D1956BFA6D4}.Release|Any CPU.Build.0 = Release|Any CPU
		{6105F45D-DDAD-4E2C-90D9-2D1B9338EDD6}.Debug|Any CPU.ActiveCfg = Debug|Any CPU
		{6105F45D-DDAD-4E2C-90D9-2D1B9338EDD6}.Debug|Any CPU.Build.0 = Debug|Any CPU
		{6105F45D-DDAD-4E2C-90D9-2D1B9338EDD6}.Release|Any CPU.ActiveCfg = Release|Any CPU
		{6105F45D-DDAD-4E2C-90D9-2D1B9338EDD6}.Release|Any CPU.Build.0 = Release|Any CPU
	EndGlobalSection
	GlobalSection(SolutionProperties) = preSolution
		HideSolutionNode = FALSE
	EndGlobalSection
EndGlobal
